// !$*UTF8*$!
{
	archiveVersion = 1;
	classes = {
	};
	objectVersion = 50;
	objects = {

/* Begin PBXBuildFile section */
		E45FB71920FC385F005EB433 /* AppDelegate.m in Sources */ = {isa = PBXBuildFile; fileRef = E45FB71820FC385F005EB433 /* AppDelegate.m */; };
		E45FB71C20FC385F005EB433 /* ViewController.m in Sources */ = {isa = PBXBuildFile; fileRef = E45FB71B20FC385F005EB433 /* ViewController.m */; };
		E45FB71F20FC385F005EB433 /* Main.storyboard in Resources */ = {isa = PBXBuildFile; fileRef = E45FB71D20FC385F005EB433 /* Main.storyboard */; };
		E45FB72120FC3860005EB433 /* Assets.xcassets in Resources */ = {isa = PBXBuildFile; fileRef = E45FB72020FC3860005EB433 /* Assets.xcassets */; };
		E45FB72420FC3860005EB433 /* LaunchScreen.storyboard in Resources */ = {isa = PBXBuildFile; fileRef = E45FB72220FC3860005EB433 /* LaunchScreen.storyboard */; };
		E45FB72720FC3860005EB433 /* main.m in Sources */ = {isa = PBXBuildFile; fileRef = E45FB72620FC3860005EB433 /* main.m */; };
		E45FB73020FC4A87005EB433 /* QYTableViewDataSource.m in Sources */ = {isa = PBXBuildFile; fileRef = E45FB72F20FC4A87005EB433 /* QYTableViewDataSource.m */; };
		E45FB73320FC72F7005EB433 /* QYTableViewCell.m in Sources */ = {isa = PBXBuildFile; fileRef = E45FB73220FC72F7005EB433 /* QYTableViewCell.m */; };
/* End PBXBuildFile section */

/* Begin PBXFileReference section */
		E45FB71420FC385F005EB433 /* TestDemo.app */ = {isa = PBXFileReference; explicitFileType = wrapper.application; includeInIndex = 0; path = TestDemo.app; sourceTree = BUILT_PRODUCTS_DIR; };
		E45FB71720FC385F005EB433 /* AppDelegate.h */ = {isa = PBXFileReference; lastKnownFileType = sourcecode.c.h; path = AppDelegate.h; sourceTree = "<group>"; };
		E45FB71820FC385F005EB433 /* AppDelegate.m */ = {isa = PBXFileReference; lastKnownFileType = sourcecode.c.objc; path = AppDelegate.m; sourceTree = "<group>"; };
		E45FB71A20FC385F005EB433 /* ViewController.h */ = {isa = PBXFileReference; lastKnownFileType = sourcecode.c.h; path = ViewController.h; sourceTree = "<group>"; };
		E45FB71B20FC385F005EB433 /* ViewController.m */ = {isa = PBXFileReference; lastKnownFileType = sourcecode.c.objc; path = ViewController.m; sourceTree = "<group>"; };
		E45FB71E20FC385F005EB433 /* Base */ = {isa = PBXFileReference; lastKnownFileType = file.storyboard; name = Base; path = Base.lproj/Main.storyboard; sourceTree = "<group>"; };
		E45FB72020FC3860005EB433 /* Assets.xcassets */ = {isa = PBXFileReference; lastKnownFileType = folder.assetcatalog; path = Assets.xcassets; sourceTree = "<group>"; };
		E45FB72320FC3860005EB433 /* Base */ = {isa = PBXFileReference; lastKnownFileType = file.storyboard; name = Base; path = Base.lproj/LaunchScreen.storyboard; sourceTree = "<group>"; };
		E45FB72520FC3860005EB433 /* Info.plist */ = {isa = PBXFileReference; lastKnownFileType = text.plist.xml; path = Info.plist; sourceTree = "<group>"; };
		E45FB72620FC3860005EB433 /* main.m */ = {isa = PBXFileReference; lastKnownFileType = sourcecode.c.objc; path = main.m; sourceTree = "<group>"; };
		E45FB72E20FC4A87005EB433 /* QYTableViewDataSource.h */ = {isa = PBXFileReference; lastKnownFileType = sourcecode.c.h; path = QYTableViewDataSource.h; sourceTree = "<group>"; };
		E45FB72F20FC4A87005EB433 /* QYTableViewDataSource.m */ = {isa = PBXFileReference; lastKnownFileType = sourcecode.c.objc; path = QYTableViewDataSource.m; sourceTree = "<group>"; };
		E45FB73120FC72F7005EB433 /* QYTableViewCell.h */ = {isa = PBXFileReference; lastKnownFileType = sourcecode.c.h; path = QYTableViewCell.h; sourceTree = "<group>"; };
		E45FB73220FC72F7005EB433 /* QYTableViewCell.m */ = {isa = PBXFileReference; lastKnownFileType = sourcecode.c.objc; path = QYTableViewCell.m; sourceTree = "<group>"; };
/* End PBXFileReference section */

/* Begin PBXFrameworksBuildPhase section */
		E45FB71120FC385F005EB433 /* Frameworks */ = {
			isa = PBXFrameworksBuildPhase;
			buildActionMask = 2147483647;
			files = (
			);
			runOnlyForDeploymentPostprocessing = 0;
		};
/* End PBXFrameworksBuildPhase section */

/* Begin PBXGroup section */
		E45FB70B20FC385F005EB433 = {
			isa = PBXGroup;
			children = (
				E45FB71620FC385F005EB433 /* TestDemo */,
				E45FB71520FC385F005EB433 /* Products */,
			);
			sourceTree = "<group>";
		};
		E45FB71520FC385F005EB433 /* Products */ = {
			isa = PBXGroup;
			children = (
				E45FB71420FC385F005EB433 /* TestDemo.app */,
			);
			name = Products;
			sourceTree = "<group>";
		};
		E45FB71620FC385F005EB433 /* TestDemo */ = {
			isa = PBXGroup;
			children = (
				E45FB71720FC385F005EB433 /* AppDelegate.h */,
				E45FB71820FC385F005EB433 /* AppDelegate.m */,
				E45FB71A20FC385F005EB433 /* ViewController.h */,
				E45FB71B20FC385F005EB433 /* ViewController.m */,
				E45FB73120FC72F7005EB433 /* QYTableViewCell.h */,
				E45FB73220FC72F7005EB433 /* QYTableViewCell.m */,
				E45FB72E20FC4A87005EB433 /* QYTableViewDataSource.h */,
				E45FB72F20FC4A87005EB433 /* QYTableViewDataSource.m */,
				E45FB71D20FC385F005EB433 /* Main.storyboard */,
				E45FB72020FC3860005EB433 /* Assets.xcassets */,
				E45FB72220FC3860005EB433 /* LaunchScreen.storyboard */,
				E45FB72520FC3860005EB433 /* Info.plist */,
				E45FB72620FC3860005EB433 /* main.m */,
			);
			path = TestDemo;
			sourceTree = "<group>";
		};
/* End PBXGroup section */

/* Begin PBXNativeTarget section */
		E45FB71320FC385F005EB433 /* TestDemo */ = {
			isa = PBXNativeTarget;
			buildConfigurationList = E45FB72A20FC3860005EB433 /* Build configuration list for PBXNativeTarget "TestDemo" */;
			buildPhases = (
				E45FB71020FC385F005EB433 /* Sources */,
				E45FB71120FC385F005EB433 /* Frameworks */,
				E45FB71220FC385F005EB433 /* Resources */,
			);
			buildRules = (
			);
			dependencies = (
			);
			name = TestDemo;
			productName = TestDemo;
			productReference = E45FB71420FC385F005EB433 /* TestDemo.app */;
			productType = "com.apple.product-type.application";
		};
/* End PBXNativeTarget section */

/* Begin PBXProject section */
		E45FB70C20FC385F005EB433 /* Project object */ = {
			isa = PBXProject;
			attributes = {
				LastUpgradeCheck = 0940;
				ORGANIZATIONNAME = Joeyoung;
				TargetAttributes = {
					E45FB71320FC385F005EB433 = {
						CreatedOnToolsVersion = 9.4.1;
					};
				};
			};
			buildConfigurationList = E45FB70F20FC385F005EB433 /* Build configuration list for PBXProject "TestDemo" */;
			compatibilityVersion = "Xcode 9.3";
			developmentRegion = en;
			hasScannedForEncodings = 0;
			knownRegions = (
				en,
				Base,
			);
			mainGroup = E45FB70B20FC385F005EB433;
			productRefGroup = E45FB71520FC385F005EB433 /* Products */;
			projectDirPath = "";
			projectRoot = "";
			targets = (
				E45FB71320FC385F005EB433 /* TestDemo */,
			);
		};
/* End PBXProject section */

/* Begin PBXResourcesBuildPhase section */
		E45FB71220FC385F005EB433 /* Resources */ = {
			isa = PBXResourcesBuildPhase;
			buildActionMask = 2147483647;
			files = (
				E45FB72420FC3860005EB433 /* LaunchScreen.storyboard in Resources */,
				E45FB72120FC3860005EB433 /* Assets.xcassets in Resources */,
				E45FB71F20FC385F005EB433 /* Main.storyboard in Resources */,
			);
			runOnlyForDeploymentPostprocessing = 0;
		};
/* End PBXResourcesBuildPhase section */

/* Begin PBXSourcesBuildPhase section */
		E45FB71020FC385F005EB433 /* Sources */ = {
			isa = PBXSourcesBuildPhase;
			buildActionMask = 2147483647;
			files = (
				E45FB71C20FC385F005EB433 /* ViewController.m in Sources */,
				E45FB72720FC3860005EB433 /* main.m in Sources */,
				E45FB73020FC4A87005EB433 /* QYTableViewDataSource.m in Sources */,
				E45FB73320FC72F7005EB433 /* QYTableViewCell.m in Sources */,
				E45FB71920FC385F005EB433 /* AppDelegate.m in Sources */,
			);
			runOnlyForDeploymentPostprocessing = 0;
		};
/* End PBXSourcesBuildPhase section */

/* Begin PBXVariantGroup section */
		E45FB71D20FC385F005EB433 /* Main.storyboard */ = {
			isa = PBXVariantGroup;
			children = (
				E45FB71E20FC385F005EB433 /* Base */,
			);
			name = Main.storyboard;
			sourceTree = "<group>";
		};
		E45FB72220FC3860005EB433 /* LaunchScreen.storyboard */ = {
			isa = PBXVariantGroup;
			children = (
				E45FB72320FC3860005EB433 /* Base */,
			);
			name = LaunchScreen.storyboard;
			sourceTree = "<group>";
		};
/* End PBXVariantGroup section */

/* Begin XCBuildConfiguration section */
		E45FB72820FC3860005EB433 /* Debug */ = {
			isa = XCBuildConfiguration;
			buildSettings = {
				ALWAYS_SEARCH_USER_PATHS = NO;
				CLANG_ANALYZER_NONNULL = YES;
				CLANG_ANALYZER_NUMBER_OBJECT_CONVERSION = YES_AGGRESSIVE;
				CLANG_CXX_LANGUAGE_STANDARD = "gnu++14";
				CLANG_CXX_LIBRARY = "libc++";
				CLANG_ENABLE_MODULES = YES;
				CLANG_ENABLE_OBJC_ARC = YES;
				CLANG_ENABLE_OBJC_WEAK = YES;
				CLANG_WARN_BLOCK_CAPTURE_AUTORELEASING = YES;
				CLANG_WARN_BOOL_CONVERSION = YES;
				CLANG_WARN_COMMA = YES;
				CLANG_WARN_CONSTANT_CONVERSION = YES;
				CLANG_WARN_DEPRECATED_OBJC_IMPLEMENTATIONS = YES;
				CLANG_WARN_DIRECT_OBJC_ISA_USAGE = YES_ERROR;
				CLANG_WARN_DOCUMENTATION_COMMENTS = YES;
				CLANG_WARN_EMPTY_BODY = YES;
				CLANG_WARN_ENUM_CONVERSION = YES;
				CLANG_WARN_INFINITE_RECURSION = YES;
				CLANG_WARN_INT_CONVERSION = YES;
				CLANG_WARN_NON_LITERAL_NULL_CONVERSION = YES;
				CLANG_WARN_OBJC_IMPLICIT_RETAIN_SELF = YES;
				CLANG_WARN_OBJC_LITERAL_CONVERSION = YES;
				CLANG_WARN_OBJC_ROOT_CLASS = YES_ERROR;
				CLANG_WARN_RANGE_LOOP_ANALYSIS = YES;
				CLANG_WARN_STRICT_PROTOTYPES = YES;
				CLANG_WARN_SUSPICIOUS_MOVE = YES;
				CLANG_WARN_UNGUARDED_AVAILABILITY = YES_AGGRESSIVE;
				CLANG_WARN_UNREACHABLE_CODE = YES;
				CLANG_WARN__DUPLICATE_METHOD_MATCH = YES;
				CODE_SIGN_IDENTITY = "iPhone Developer";
				COPY_PHASE_STRIP = NO;
				DEBUG_INFORMATION_FORMAT = dwarf;
				ENABLE_STRICT_OBJC_MSGSEND = YES;
				ENABLE_TESTABILITY = YES;
				GCC_C_LANGUAGE_STANDARD = gnu11;
				GCC_DYNAMIC_NO_PIC = NO;
				GCC_NO_COMMON_BLOCKS = YES;
				GCC_OPTIMIZATION_LEVEL = 0;
				GCC_PREPROCESSOR_DEFINITIONS = (
					"DEBUG=1",
					"$(inherited)",
				);
				GCC_WARN_64_TO_32_BIT_CONVERSION = YES;
				GCC_WARN_ABOUT_RETURN_TYPE = YES_ERROR;
				GCC_WARN_UNDECLARED_SELECTOR = YES;
				GCC_WARN_UNINITIALIZED_AUTOS = YES_AGGRESSIVE;
				GCC_WARN_UNUSED_FUNCTION = YES;
				GCC_WARN_UNUSED_VARIABLE = YES;
				IPHONEOS_DEPLOYMENT_TARGET = 11.4;
				MTL_ENABLE_DEBUG_INFO = YES;
				ONLY_ACTIVE_ARCH = YES;
				SDKROOT = iphoneos;
			};
			name = Debug;
		};
		E45FB72920FC3860005EB433 /* Release */ = {
			isa = XCBuildConfiguration;
			buildSettings = {
				ALWAYS_SEARCH_USER_PATHS = NO;
				CLANG_ANALYZER_NONNULL = YES;
				CLANG_ANALYZER_NUMBER_OBJECT_CONVERSION = YES_AGGRESSIVE;
				CLANG_CXX_LANGUAGE_STANDARD = "gnu++14";
				CLANG_CXX_LIBRARY = "libc++";
				CLANG_ENABLE_MODULES = YES;
				CLANG_ENABLE_OBJC_ARC = YES;
				CLANG_ENABLE_OBJC_WEAK = YES;
				CLANG_WARN_BLOCK_CAPTURE_AUTORELEASING = YES;
				CLANG_WARN_BOOL_CONVERSION = YES;
				CLANG_WARN_COMMA = YES;
				CLANG_WARN_CONSTANT_CONVERSION = YES;
				CLANG_WARN_DEPRECATED_OBJC_IMPLEMENTATIONS = YES;
				CLANG_WARN_DIRECT_OBJC_ISA_USAGE = YES_ERROR;
				CLANG_WARN_DOCUMENTATION_COMMENTS = YES;
				CLANG_WARN_EMPTY_BODY = YES;
				CLANG_WARN_ENUM_CONVERSION = YES;
				CLANG_WARN_INFINITE_RECURSION = YES;
				CLANG_WARN_INT_CONVERSION = YES;
				CLANG_WARN_NON_LITERAL_NULL_CONVERSION = YES;
				CLANG_WARN_OBJC_IMPLICIT_RETAIN_SELF = YES;
				CLANG_WARN_OBJC_LITERAL_CONVERSION = YES;
				CLANG_WARN_OBJC_ROOT_CLASS = YES_ERROR;
				CLANG_WARN_RANGE_LOOP_ANALYSIS = YES;
				CLANG_WARN_STRICT_PROTOTYPES = YES;
				CLANG_WARN_SUSPICIOUS_MOVE = YES;
				CLANG_WARN_UNGUARDED_AVAILABILITY = YES_AGGRESSIVE;
				CLANG_WARN_UNREACHABLE_CODE = YES;
				CLANG_WARN__DUPLICATE_METHOD_MATCH = YES;
				CODE_SIGN_IDENTITY = "iPhone Developer";
				COPY_PHASE_STRIP = NO;
				DEBUG_INFORMATION_FORMAT = "dwarf-with-dsym";
				ENABLE_NS_ASSERTIONS = NO;
				ENABLE_STRICT_OBJC_MSGSEND = YES;
				GCC_C_LANGUAGE_STANDARD = gnu11;
				GCC_NO_COMMON_BLOCKS = YES;
				GCC_WARN_64_TO_32_BIT_CONVERSION = YES;
				GCC_WARN_ABOUT_RETURN_TYPE = YES_ERROR;
				GCC_WARN_UNDECLARED_SELECTOR = YES;
				GCC_WARN_UNINITIALIZED_AUTOS = YES_AGGRESSIVE;
				GCC_WARN_UNUSED_FUNCTION = YES;
				GCC_WARN_UNUSED_VARIABLE = YES;
				IPHONEOS_DEPLOYMENT_TARGET = 11.4;
				MTL_ENABLE_DEBUG_INFO = NO;
				SDKROOT = iphoneos;
				VALIDATE_PRODUCT = YES;
			};
			name = Release;
		};
		E45FB72B20FC3860005EB433 /* Debug */ = {
			isa = XCBuildConfiguration;
			buildSettings = {
				ASSETCATALOG_COMPILER_APPICON_NAME = AppIcon;
				CODE_SIGN_STYLE = Automatic;
				DEVELOPMENT_TEAM = TSK4W8GYE6;
				INFOPLIST_FILE = TestDemo/Info.plist;
				LD_RUNPATH_SEARCH_PATHS = (
					"$(inherited)",
					"@executable_path/Frameworks",
				);
				PRODUCT_BUNDLE_IDENTIFIER = Joeyoung.TestDemo;
				PRODUCT_NAME = "$(TARGET_NAME)";
				TARGETED_DEVICE_FAMILY = "1,2";
			};
			name = Debug;
		};
		E45FB72C20FC3860005EB433 /* Release */ = {
			isa = XCBuildConfiguration;
			buildSettings = {
				ASSETCATALOG_COMPILER_APPICON_NAME = AppIcon;
				CODE_SIGN_STYLE = Automatic;
				DEVELOPMENT_TEAM = TSK4W8GYE6;
				INFOPLIST_FILE = TestDemo/Info.plist;
				LD_RUNPATH_SEARCH_PATHS = (
					"$(inherited)",
					"@executable_path/Frameworks",
				);
				PRODUCT_BUNDLE_IDENTIFIER = Joeyoung.TestDemo;
				PRODUCT_NAME = "$(TARGET_NAME)";
				TARGETED_DEVICE_FAMILY = "1,2";
			};
			name = Release;
		};
/* End XCBuildConfiguration section */

/* Begin XCConfigurationList section */
		E45FB70F20FC385F005EB433 /* Build configuration list for PBXProject "TestDemo" */ = {
			isa = XCConfigurationList;
			buildConfigurations = (
				E45FB72820FC3860005EB433 /* Debug */,
				E45FB72920FC3860005EB433 /* Release */,
			);
			defaultConfigurationIsVisible = 0;
			defaultConfigurationName = Release;
		};
		E45FB72A20FC3860005EB433 /* Build configuration list for PBXNativeTarget "TestDemo" */ = {
			isa = XCConfigurationList;
			buildConfigurations = (
				E45FB72B20FC3860005EB433 /* Debug */,
				E45FB72C20FC3860005EB433 /* Release */,
			);
			defaultConfigurationIsVisible = 0;
			defaultConfigurationName = Release;
		};
/* End XCConfigurationList section */
	};
	rootObject = E45FB70C20FC385F005EB433 /* Project object */;
}
